<?xml version="1.0" encoding="utf-8"?>
<Project ToolsVersion="4.0" xmlns="http://schemas.microsoft.com/developer/msbuild/2003">
  <ItemGroup>
    <Filter Include="Source Files">
      <UniqueIdentifier>{4FC737F1-C7A5-4376-A066-2A32D752A2FF}</UniqueIdentifier>
      <Extensions>cpp;c;cc;cxx;c++;cppm;ixx;def;odl;idl;hpj;bat;asm;asmx</Extensions>
    </Filter>
    <Filter Include="Header Files">
      <UniqueIdentifier>{93995380-89BD-4b04-88EB-625FBE52EBFB}</UniqueIdentifier>
      <Extensions>h;hh;hpp;hxx;h++;hm;inl;inc;ipp;xsd</Extensions>
    </Filter>
    <Filter Include="Source Files\shaders">
      <UniqueIdentifier>{f2d346a2-11b2-43d8-9067-ce5bb9474d6c}</UniqueIdentifier>
    </Filter>
    <Filter Include="Source Files\textures">
      <UniqueIdentifier>{7f5077cc-038f-44ba-8306-383f0b1eaf27}</UniqueIdentifier>
    </Filter>
    <Filter Include="Source Files\textures\skybox">
      <UniqueIdentifier>{9d3ea22e-3e59-49da-8399-eebe5a761be4}</UniqueIdentifier>
    </Filter>
    <Filter Include="Source Files\data">
      <UniqueIdentifier>{30604bd3-3bc1-4cfe-93ea-ffcb450f6708}</UniqueIdentifier>
    </Filter>
    <Filter Include="Resource Files">
      <UniqueIdentifier>{67DA6AB6-F800-4c08-8B7A-83BB121AAD01}</UniqueIdentifier>
      <Extensions>rc;ico;cur;bmp;dlg;rc2;rct;bin;rgs;gif;jpg;jpeg;jpe;resx;tiff;tif;png;wav;mfcribbon-ms</Extensions>
    </Filter>
  </ItemGroup>
  <ItemGroup>
    <ClCompile Include="glad.c">
      <Filter>Source Files</Filter>
    </ClCompile>
    <ClCompile Include="ExamenBimestral2.cpp">
      <Filter>Source Files</Filter>
    </ClCompile>
  </ItemGroup>
  <ItemGroup>
    <None Include="shaders\cubemaps.fs">
      <Filter>Source Files\shaders</Filter>
    </None>
    <None Include="shaders\cubemaps.vs">
      <Filter>Source Files\shaders</Filter>
    </None>
    <None Include="shaders\skybox.fs">
      <Filter>Source Files\shaders</Filter>
    </None>
    <None Include="shaders\skybox.vs">
      <Filter>Source Files\shaders</Filter>
    </None>
    <None Include="shaders\model.fs">
      <Filter>Source Files\shaders</Filter>
    </None>
    <None Include="shaders\model.vs">
      <Filter>Source Files\shaders</Filter>
    </None>
    <None Include="shaders\shader_all.fs">
      <Filter>Source Files\shaders</Filter>
    </None>
    <None Include="shaders\shader_all.vs">
      <Filter>Source Files\shaders</Filter>
    </None>
  </ItemGroup>
  <ItemGroup>
    <Image Include="textures\skybox\back.jpg">
      <Filter>Source Files\textures\skybox</Filter>
    </Image>
    <Image Include="textures\skybox\bottom.jpg">
      <Filter>Source Files\textures\skybox</Filter>
    </Image>
    <Image Include="textures\skybox\front.jpg">
      <Filter>Source Files\textures\skybox</Filter>
    </Image>
    <Image Include="textures\skybox\left.jpg">
      <Filter>Source Files\textures\skybox</Filter>
    </Image>
    <Image Include="textures\skybox\right.jpg">
      <Filter>Source Files\textures\skybox</Filter>
    </Image>
    <Image Include="textures\skybox\top.jpg">
      <Filter>Source Files\textures\skybox</Filter>
    </Image>
  </ItemGroup>
  <ItemGroup>
    <Text Include="data\skybox.txt">
      <Filter>Source Files\data</Filter>
    </Text>
    <Text Include="data\zmove.txt">
      <Filter>Source Files\data</Filter>
    </Text>
    <Text Include="data\ymove.txt">
      <Filter>Source Files\data</Filter>
    </Text>
    <Text Include="data\xmove.txt">
      <Filter>Source Files\data</Filter>
    </Text>
    <Text Include="data\abjk.txt">
      <Filter>Source Files\data</Filter>
    </Text>
  </ItemGroup>
  <ItemGroup>
    <ClInclude Include="..\OpenGL_Stuff\include\learnopengl\mesh.h">
      <Filter>Source Files</Filter>
    </ClInclude>
    <ClInclude Include="..\OpenGL_Stuff\include\learnopengl\model.h">
      <Filter>Source Files</Filter>
    </ClInclude>
    <ClInclude Include="..\OpenGL_Stuff\include\learnopengl\shader.h">
      <Filter>Source Files</Filter>
    </ClInclude>
  </ItemGroup>
</Project>